
Microsoft Visual Studio Solution File, Format Version 12.00
Project("{2150E333-8FDC-42A3-9474-1A3956D46DE8}") = "src", "src", "{0AE5F543-7A4D-48ED-8FCE-BE1E026507E2}"
EndProject
Project("{FAE04EC0-301F-11D3-BF4B-00C04F79EFBC}") = "MoneyControl", "src\MoneyControl\MoneyControl.csproj", "{A5871BFD-4DF3-40E6-B3D0-8CB9BD170CCE}"
EndProject
Project("{2150E333-8FDC-42A3-9474-1A3956D46DE8}") = "tests", "tests", "{ED816EC1-4D70-4126-BCCF-D871C184CFC1}"
EndProject
Global
	GlobalSection(SolutionConfigurationPlatforms) = preSolution
		Debug|Any CPU = Debug|Any CPU
		Release|Any CPU = Release|Any CPU
	EndGlobalSection
	GlobalSection(ProjectConfigurationPlatforms) = postSolution
		{A5871BFD-4DF3-40E6-B3D0-8CB9BD170CCE}.Debug|Any CPU.ActiveCfg = Debug|Any CPU
		{A5871BFD-4DF3-40E6-B3D0-8CB9BD170CCE}.Debug|Any CPU.Build.0 = Debug|Any CPU
		{A5871BFD-4DF3-40E6-B3D0-8CB9BD170CCE}.Release|Any CPU.ActiveCfg = Release|Any CPU
		{A5871BFD-4DF3-40E6-B3D0-8CB9BD170CCE}.Release|Any CPU.Build.0 = Release|Any CPU
	EndGlobalSection
	GlobalSection(NestedProjects) = preSolution
		{A5871BFD-4DF3-40E6-B3D0-8CB9BD170CCE} = {0AE5F543-7A4D-48ED-8FCE-BE1E026507E2}
	EndGlobalSection
EndGlobal
